
Microsoft Visual Studio Solution File, Format Version 12.00
# Visual Studio 15
VisualStudioVersion = 15.0.27004.2008
MinimumVisualStudioVersion = 10.0.40219.1
Project("{FAE04EC0-301F-11D3-BF4B-00C04F79EFBC}") = "ProjectCheck", "ProjectCheck\ProjectCheck.csproj", "{9C96ABEC-43EE-46B9-984A-844137ED319E}"
EndProject
Global
	GlobalSection(SolutionConfigurationPlatforms) = preSolution
		Debug|Any CPU = Debug|Any CPU
		Release|Any CPU = Release|Any CPU
	EndGlobalSection
	GlobalSection(ProjectConfigurationPlatforms) = postSolution
		{9C96ABEC-43EE-46B9-984A-844137ED319E}.Debug|Any CPU.ActiveCfg = Debug|Any CPU
		{9C96ABEC-43EE-46B9-984A-844137ED319E}.Debug|Any CPU.Build.0 = Debug|Any CPU
		{9C96ABEC-43EE-46B9-984A-844137ED319E}.Release|Any CPU.ActiveCfg = Release|Any CPU
		{9C96ABEC-43EE-46B9-984A-844137ED319E}.Release|Any CPU.Build.0 = Release|Any CPU
	EndGlobalSection
	GlobalSection(SolutionProperties) = preSolution
		HideSolutionNode = FALSE
	EndGlobalSection
	GlobalSection(ExtensibilityGlobals) = postSolution
		SolutionGuid = {52B7A912-F8D4-447A-B7AC-2B24D4165254}
	EndGlobalSection
EndGlobal
